
Microsoft Visual Studio Solution File, Format Version 12.00
# Visual Studio 15
VisualStudioVersion = 15.0.28307.329
MinimumVisualStudioVersion = 10.0.40219.1
Project("{FAE04EC0-301F-11D3-BF4B-00C04F79EFBC}") = "P2Project", "P2Project\P2Project.csproj", "{FE55C0A8-6F7A-4FD6-903D-21F03B5B30D2}"
EndProject
Global
	GlobalSection(SolutionConfigurationPlatforms) = preSolution
		Debug|Any CPU = Debug|Any CPU
		Release|Any CPU = Release|Any CPU
	EndGlobalSection
	GlobalSection(ProjectConfigurationPlatforms) = postSolution
		{FE55C0A8-6F7A-4FD6-903D-21F03B5B30D2}.Debug|Any CPU.ActiveCfg = Debug|Any CPU
		{FE55C0A8-6F7A-4FD6-903D-21F03B5B30D2}.Debug|Any CPU.Build.0 = Debug|Any CPU
		{FE55C0A8-6F7A-4FD6-903D-21F03B5B30D2}.Release|Any CPU.ActiveCfg = Release|Any CPU
		{FE55C0A8-6F7A-4FD6-903D-21F03B5B30D2}.Release|Any CPU.Build.0 = Release|Any CPU
	EndGlobalSection
	GlobalSection(SolutionProperties) = preSolution
		HideSolutionNode = FALSE
	EndGlobalSection
	GlobalSection(ExtensibilityGlobals) = postSolution
		SolutionGuid = {5DE2FB42-1E6F-4A38-995E-C7A7558D5DB6}
	EndGlobalSection
EndGlobal
